
Microsoft Visual Studio Solution File, Format Version 12.00
# Visual Studio Version 17
VisualStudioVersion = 17.6.33815.320
MinimumVisualStudioVersion = 10.0.40219.1
Project("{FAE04EC0-301F-11D3-BF4B-00C04F79EFBC}") = "QuickSortAssignment", "QuickSortAssignment\QuickSortAssignment.csproj", "{CAE8EDE5-07A5-4109-81F7-64A5678785AE}"
EndProject
Global
	GlobalSection(SolutionConfigurationPlatforms) = preSolution
		Debug|Any CPU = Debug|Any CPU
		Release|Any CPU = Release|Any CPU
	EndGlobalSection
	GlobalSection(ProjectConfigurationPlatforms) = postSolution
		{CAE8EDE5-07A5-4109-81F7-64A5678785AE}.Debug|Any CPU.ActiveCfg = Debug|Any CPU
		{CAE8EDE5-07A5-4109-81F7-64A5678785AE}.Debug|Any CPU.Build.0 = Debug|Any CPU
		{CAE8EDE5-07A5-4109-81F7-64A5678785AE}.Release|Any CPU.ActiveCfg = Release|Any CPU
		{CAE8EDE5-07A5-4109-81F7-64A5678785AE}.Release|Any CPU.Build.0 = Release|Any CPU
	EndGlobalSection
	GlobalSection(SolutionProperties) = preSolution
		HideSolutionNode = FALSE
	EndGlobalSection
	GlobalSection(ExtensibilityGlobals) = postSolution
		SolutionGuid = {9B992804-D55D-4AA5-ADAB-187B5F039877}
	EndGlobalSection
EndGlobal
