
Microsoft Visual Studio Solution File, Format Version 12.00
# Visual Studio Version 17
VisualStudioVersion = 17.6.33815.320
MinimumVisualStudioVersion = 10.0.40219.1
Project("{FAE04EC0-301F-11D3-BF4B-00C04F79EFBC}") = "MergeSort", "MergeSort\MergeSort.csproj", "{58E2DC04-ED96-4FD2-A31F-69871E2F721C}"
EndProject
Global
	GlobalSection(SolutionConfigurationPlatforms) = preSolution
		Debug|Any CPU = Debug|Any CPU
		Release|Any CPU = Release|Any CPU
	EndGlobalSection
	GlobalSection(ProjectConfigurationPlatforms) = postSolution
		{58E2DC04-ED96-4FD2-A31F-69871E2F721C}.Debug|Any CPU.ActiveCfg = Debug|Any CPU
		{58E2DC04-ED96-4FD2-A31F-69871E2F721C}.Debug|Any CPU.Build.0 = Debug|Any CPU
		{58E2DC04-ED96-4FD2-A31F-69871E2F721C}.Release|Any CPU.ActiveCfg = Release|Any CPU
		{58E2DC04-ED96-4FD2-A31F-69871E2F721C}.Release|Any CPU.Build.0 = Release|Any CPU
	EndGlobalSection
	GlobalSection(SolutionProperties) = preSolution
		HideSolutionNode = FALSE
	EndGlobalSection
	GlobalSection(ExtensibilityGlobals) = postSolution
		SolutionGuid = {24A39363-D462-43F3-8AA6-FF80E32672BA}
	EndGlobalSection
EndGlobal
